
Microsoft Visual Studio Solution File, Format Version 12.00
# Visual Studio Version 17
VisualStudioVersion = 17.9.34622.214
MinimumVisualStudioVersion = 10.0.40219.1
Project("{FAE04EC0-301F-11D3-BF4B-00C04F79EFBC}") = "Biblioteca", "Biblioteca.csproj", "{A05B9AE6-8A9F-46C8-9966-02DD81AE4B9E}"
EndProject
Global
	GlobalSection(SolutionConfigurationPlatforms) = preSolution
		Debug|Any CPU = Debug|Any CPU
		Release|Any CPU = Release|Any CPU
	EndGlobalSection
	GlobalSection(ProjectConfigurationPlatforms) = postSolution
		{A05B9AE6-8A9F-46C8-9966-02DD81AE4B9E}.Debug|Any CPU.ActiveCfg = Debug|Any CPU
		{A05B9AE6-8A9F-46C8-9966-02DD81AE4B9E}.Debug|Any CPU.Build.0 = Debug|Any CPU
		{A05B9AE6-8A9F-46C8-9966-02DD81AE4B9E}.Release|Any CPU.ActiveCfg = Release|Any CPU
		{A05B9AE6-8A9F-46C8-9966-02DD81AE4B9E}.Release|Any CPU.Build.0 = Release|Any CPU
	EndGlobalSection
	GlobalSection(SolutionProperties) = preSolution
		HideSolutionNode = FALSE
	EndGlobalSection
	GlobalSection(ExtensibilityGlobals) = postSolution
		SolutionGuid = {E32CB1F3-F550-4791-8AF9-9815A5475724}
	EndGlobalSection
EndGlobal
